<?xml version="1.0" encoding="utf-8"?>
<Project ToolsVersion="4.0" xmlns="http://schemas.microsoft.com/developer/msbuild/2003">
  <ItemGroup>
    <Filter Include="Source Files">
      <UniqueIdentifier>{4FC737F1-C7A5-4376-A066-2A32D752A2FF}</UniqueIdentifier>
      <Extensions>cpp;c;cc;cxx;def;odl;idl;hpj;bat;asm;asmx</Extensions>
    </Filter>
    <Filter Include="Header Files">
      <UniqueIdentifier>{93995380-89BD-4b04-88EB-625FBE52EBFB}</UniqueIdentifier>
      <Extensions>h;hh;hpp;hxx;hm;inl;inc;xsd</Extensions>
    </Filter>
    <Filter Include="Resource Files">
      <UniqueIdentifier>{67DA6AB6-F800-4c08-8B7A-83BB121AAD01}</UniqueIdentifier>
      <Extensions>rc;ico;cur;bmp;dlg;rc2;rct;bin;rgs;gif;jpg;jpeg;jpe;resx;tiff;tif;png;wav;mfcribbon-ms</Extensions>
    </Filter>
  </ItemGroup>
  <ItemGroup>
    <ClCompile Include="pb\Camera.cpp">
      <Filter>Source Files</Filter>
    </ClCompile>
    <ClCompile Include="pb\CameraFly.cpp">
      <Filter>Source Files</Filter>
    </ClCompile>
    <ClCompile Include="pb\GameObject.cpp">
      <Filter>Source Files</Filter>
    </ClCompile>
    <ClCompile Include="pb\Grid.cpp">
      <Filter>Source Files</Filter>
    </ClCompile>
    <ClCompile Include="pb\Time.cpp">
      <Filter>Source Files</Filter>
    </ClCompile>
    <ClCompile Include="pb\Window.cpp">
      <Filter>Source Files</Filter>
    </ClCompile>
    <ClCompile Include="tutorials\Playground.cpp">
      <Filter>Source Files</Filter>
    </ClCompile>
    <ClCompile Include="Main.cpp">
      <Filter>Source Files</Filter>
    </ClCompile>
    <ClCompile Include="aie\gl_core_4_4.c">
      <Filter>Source Files</Filter>
    </ClCompile>
    <ClCompile Include="aie\Gizmos.cpp">
      <Filter>Source Files</Filter>
    </ClCompile>
    <ClCompile Include="ProjectBlah.cpp">
      <Filter>Source Files</Filter>
    </ClCompile>
    <ClCompile Include="pb\AntTweakHelper.cpp">
      <Filter>Source Files</Filter>
    </ClCompile>
    <ClCompile Include="pb\DebugWindow.cpp">
      <Filter>Source Files</Filter>
    </ClCompile>
    <ClCompile Include="pb\Dummy.cpp">
      <Filter>Header Files</Filter>
    </ClCompile>
    <ClCompile Include="tutorials\Cameras_and_Projections.cpp">
      <Filter>Source Files</Filter>
    </ClCompile>
    <ClCompile Include="tinyobj\tiny_obj_loader.cc">
      <Filter>Source Files</Filter>
    </ClCompile>
    <ClCompile Include="pb\ObjMesh.cpp">
      <Filter>Source Files</Filter>
    </ClCompile>
    <ClCompile Include="pb\Renderable.cpp">
      <Filter>Source Files</Filter>
    </ClCompile>
    <ClCompile Include="pb\Material.cpp">
      <Filter>Source Files</Filter>
    </ClCompile>
  </ItemGroup>
  <ItemGroup>
    <ClInclude Include="pb\Camera.h">
      <Filter>Header Files</Filter>
    </ClInclude>
    <ClInclude Include="pb\CameraFly.h">
      <Filter>Header Files</Filter>
    </ClInclude>
    <ClInclude Include="pb\GameObject.h">
      <Filter>Header Files</Filter>
    </ClInclude>
    <ClInclude Include="pb\Grid.h">
      <Filter>Header Files</Filter>
    </ClInclude>
    <ClInclude Include="pb\Time.h">
      <Filter>Header Files</Filter>
    </ClInclude>
    <ClInclude Include="pb\Window.h">
      <Filter>Header Files</Filter>
    </ClInclude>
    <ClInclude Include="ProjectBlah.h">
      <Filter>Header Files</Filter>
    </ClInclude>
    <ClInclude Include="pb\AntTweakHelper.h">
      <Filter>Header Files</Filter>
    </ClInclude>
    <ClInclude Include="pb\DebugWindow.h">
      <Filter>Header Files</Filter>
    </ClInclude>
    <ClInclude Include="pb\Dummy.h">
      <Filter>Header Files</Filter>
    </ClInclude>
    <ClInclude Include="pb\ObjMesh.h">
      <Filter>Header Files</Filter>
    </ClInclude>
    <ClInclude Include="pb\Renderable.h">
      <Filter>Header Files</Filter>
    </ClInclude>
    <ClInclude Include="pb\Material.h">
      <Filter>Header Files</Filter>
    </ClInclude>
  </ItemGroup>
</Project>